
Microsoft Visual Studio Solution File, Format Version 12.00
# Visual Studio Version 17
VisualStudioVersion = 17.2.32505.173
MinimumVisualStudioVersion = 10.0.40219.1
Project("{9A19103F-16F7-4668-BE54-9A1E7A4F7556}") = "VocabularyAPI", "VocabularyAPI\VocabularyAPI.csproj", "{413A5871-835B-41F6-A8A4-106793C6E892}"
EndProject
Project("{2150E333-8FDC-42A3-9474-1A3956D46DE8}") = "Solution Items", "Solution Items", "{59672621-5D7E-44B7-8F32-03E10B9F3604}"
	ProjectSection(SolutionItems) = preProject
		.editorconfig = .editorconfig
	EndProjectSection
EndProject
Project("{FAE04EC0-301F-11D3-BF4B-00C04F79EFBC}") = "VocabularyWeb", "VocabularyWeb\VocabularyWeb.csproj", "{A6F69A1E-6B10-484A-94E3-449743D44DAC}"
EndProject
Global
	GlobalSection(SolutionConfigurationPlatforms) = preSolution
		Debug|Any CPU = Debug|Any CPU
		Release|Any CPU = Release|Any CPU
	EndGlobalSection
	GlobalSection(ProjectConfigurationPlatforms) = postSolution
		{413A5871-835B-41F6-A8A4-106793C6E892}.Debug|Any CPU.ActiveCfg = Debug|Any CPU
		{413A5871-835B-41F6-A8A4-106793C6E892}.Debug|Any CPU.Build.0 = Debug|Any CPU
		{413A5871-835B-41F6-A8A4-106793C6E892}.Release|Any CPU.ActiveCfg = Release|Any CPU
		{413A5871-835B-41F6-A8A4-106793C6E892}.Release|Any CPU.Build.0 = Release|Any CPU
		{A6F69A1E-6B10-484A-94E3-449743D44DAC}.Debug|Any CPU.ActiveCfg = Debug|Any CPU
		{A6F69A1E-6B10-484A-94E3-449743D44DAC}.Debug|Any CPU.Build.0 = Debug|Any CPU
		{A6F69A1E-6B10-484A-94E3-449743D44DAC}.Release|Any CPU.ActiveCfg = Release|Any CPU
		{A6F69A1E-6B10-484A-94E3-449743D44DAC}.Release|Any CPU.Build.0 = Release|Any CPU
	EndGlobalSection
	GlobalSection(SolutionProperties) = preSolution
		HideSolutionNode = FALSE
	EndGlobalSection
	GlobalSection(ExtensibilityGlobals) = postSolution
		SolutionGuid = {89957D46-954A-49E1-8C90-01AC91857494}
	EndGlobalSection
EndGlobal
